// !$*UTF8*$!
{
	archiveVersion = 1;
	classes = {
	};
	objectVersion = 46;
	objects = {

/* Begin PBXBuildFile section */
		A2401ED91E3D061A00C4CEB7 /* NodeData.m in Sources */ = {isa = PBXBuildFile; fileRef = A2401ED81E3D061A00C4CEB7 /* NodeData.m */; };
		A2FE88C81E37A1670073FCCA /* main.m in Sources */ = {isa = PBXBuildFile; fileRef = A2FE88C71E37A1670073FCCA /* main.m */; };
		A2FE88CB1E37A1670073FCCA /* AppDelegate.m in Sources */ = {isa = PBXBuildFile; fileRef = A2FE88CA1E37A1670073FCCA /* AppDelegate.m */; };
		A2FE88CE1E37A1670073FCCA /* ViewController.m in Sources */ = {isa = PBXBuildFile; fileRef = A2FE88CD1E37A1670073FCCA /* ViewController.m */; };
		A2FE88D31E37A1670073FCCA /* Assets.xcassets in Resources */ = {isa = PBXBuildFile; fileRef = A2FE88D21E37A1670073FCCA /* Assets.xcassets */; };
		A2FE88D61E37A1670073FCCA /* LaunchScreen.storyboard in Resources */ = {isa = PBXBuildFile; fileRef = A2FE88D41E37A1670073FCCA /* LaunchScreen.storyboard */; };
		A2FE88F41E37A28A0073FCCA /* category.plist in Resources */ = {isa = PBXBuildFile; fileRef = A2FE88F31E37A28A0073FCCA /* category.plist */; };
/* End PBXBuildFile section */

/* Begin PBXFileReference section */
		834492E91F98D77700C3E9CE /* UICheckButton.m */ = {isa = PBXFileReference; lastKnownFileType = sourcecode.c.objc; name = UICheckButton.m; path = UITreeView/UICheckButton.m; sourceTree = "<group>"; };
		834492EA1F98D77700C3E9CE /* TreeNode.h */ = {isa = PBXFileReference; lastKnownFileType = sourcecode.c.h; name = TreeNode.h; path = UITreeView/TreeNode.h; sourceTree = "<group>"; };
		834492EB1F98D77700C3E9CE /* TreeNode.m */ = {isa = PBXFileReference; lastKnownFileType = sourcecode.c.objc; name = TreeNode.m; path = UITreeView/TreeNode.m; sourceTree = "<group>"; };
		834492EC1F98D77700C3E9CE /* UICheckButton.h */ = {isa = PBXFileReference; lastKnownFileType = sourcecode.c.h; name = UICheckButton.h; path = UITreeView/UICheckButton.h; sourceTree = "<group>"; };
		834492ED1F98D77700C3E9CE /* UITreeView.m */ = {isa = PBXFileReference; lastKnownFileType = sourcecode.c.objc; name = UITreeView.m; path = UITreeView/UITreeView.m; sourceTree = "<group>"; };
		834492EE1F98D77700C3E9CE /* UITreeView.h */ = {isa = PBXFileReference; lastKnownFileType = sourcecode.c.h; name = UITreeView.h; path = UITreeView/UITreeView.h; sourceTree = "<group>"; };
		834492EF1F98D77700C3E9CE /* TreeViewCell.m */ = {isa = PBXFileReference; lastKnownFileType = sourcecode.c.objc; name = TreeViewCell.m; path = UITreeView/TreeViewCell.m; sourceTree = "<group>"; };
		834492F01F98D77700C3E9CE /* TreeViewCell.h */ = {isa = PBXFileReference; lastKnownFileType = sourcecode.c.h; name = TreeViewCell.h; path = UITreeView/TreeViewCell.h; sourceTree = "<group>"; };
		834492F21F98D79500C3E9CE /* close.png */ = {isa = PBXFileReference; lastKnownFileType = image.png; name = close.png; path = UITreeView/Images/close.png; sourceTree = "<group>"; };
		834492F31F98D79500C3E9CE /* object.png */ = {isa = PBXFileReference; lastKnownFileType = image.png; name = object.png; path = UITreeView/Images/object.png; sourceTree = "<group>"; };
		834492F41F98D79500C3E9CE /* uncheck_box.png */ = {isa = PBXFileReference; lastKnownFileType = image.png; name = uncheck_box.png; path = UITreeView/Images/uncheck_box.png; sourceTree = "<group>"; };
		834492F51F98D79500C3E9CE /* expandableImage@2x.png */ = {isa = PBXFileReference; lastKnownFileType = image.png; name = "expandableImage@2x.png"; path = "UITreeView/Images/expandableImage@2x.png"; sourceTree = "<group>"; };
		834492F61F98D79500C3E9CE /* check_box.png */ = {isa = PBXFileReference; lastKnownFileType = image.png; name = check_box.png; path = UITreeView/Images/check_box.png; sourceTree = "<group>"; };
		834492F71F98D79500C3E9CE /* open.png */ = {isa = PBXFileReference; lastKnownFileType = image.png; name = open.png; path = UITreeView/Images/open.png; sourceTree = "<group>"; };
		A2401ED71E3D061A00C4CEB7 /* NodeData.h */ = {isa = PBXFileReference; fileEncoding = 4; lastKnownFileType = sourcecode.c.h; path = NodeData.h; sourceTree = "<group>"; };
		A2401ED81E3D061A00C4CEB7 /* NodeData.m */ = {isa = PBXFileReference; fileEncoding = 4; lastKnownFileType = sourcecode.c.objc; path = NodeData.m; sourceTree = "<group>"; };
		A2FE88C31E37A1670073FCCA /* Demo.app */ = {isa = PBXFileReference; explicitFileType = wrapper.application; includeInIndex = 0; path = Demo.app; sourceTree = BUILT_PRODUCTS_DIR; };
		A2FE88C71E37A1670073FCCA /* main.m */ = {isa = PBXFileReference; lastKnownFileType = sourcecode.c.objc; path = main.m; sourceTree = "<group>"; };
		A2FE88C91E37A1670073FCCA /* AppDelegate.h */ = {isa = PBXFileReference; lastKnownFileType = sourcecode.c.h; path = AppDelegate.h; sourceTree = "<group>"; };
		A2FE88CA1E37A1670073FCCA /* AppDelegate.m */ = {isa = PBXFileReference; lastKnownFileType = sourcecode.c.objc; path = AppDelegate.m; sourceTree = "<group>"; };
		A2FE88CC1E37A1670073FCCA /* ViewController.h */ = {isa = PBXFileReference; lastKnownFileType = sourcecode.c.h; path = ViewController.h; sourceTree = "<group>"; };
		A2FE88CD1E37A1670073FCCA /* ViewController.m */ = {isa = PBXFileReference; lastKnownFileType = sourcecode.c.objc; path = ViewController.m; sourceTree = "<group>"; };
		A2FE88D21E37A1670073FCCA /* Assets.xcassets */ = {isa = PBXFileReference; lastKnownFileType = folder.assetcatalog; path = Assets.xcassets; sourceTree = "<group>"; };
		A2FE88D51E37A1670073FCCA /* Base */ = {isa = PBXFileReference; lastKnownFileType = file.storyboard; name = Base; path = Base.lproj/LaunchScreen.storyboard; sourceTree = "<group>"; };
		A2FE88D71E37A1670073FCCA /* Info.plist */ = {isa = PBXFileReference; lastKnownFileType = text.plist.xml; path = Info.plist; sourceTree = "<group>"; };
		A2FE88F31E37A28A0073FCCA /* category.plist */ = {isa = PBXFileReference; fileEncoding = 4; lastKnownFileType = text.plist.xml; path = category.plist; sourceTree = "<group>"; };
/* End PBXFileReference section */

/* Begin PBXFrameworksBuildPhase section */
		A2FE88C01E37A1670073FCCA /* Frameworks */ = {
			isa = PBXFrameworksBuildPhase;
			buildActionMask = 2147483647;
			files = (
			);
			runOnlyForDeploymentPostprocessing = 0;
		};
/* End PBXFrameworksBuildPhase section */

/* Begin PBXGroup section */
		834492E81F98D74D00C3E9CE /* UITreeView */ = {
			isa = PBXGroup;
			children = (
				834492F11F98D78000C3E9CE /* Images */,
				834492EA1F98D77700C3E9CE /* TreeNode.h */,
				834492EB1F98D77700C3E9CE /* TreeNode.m */,
				834492F01F98D77700C3E9CE /* TreeViewCell.h */,
				834492EF1F98D77700C3E9CE /* TreeViewCell.m */,
				834492EC1F98D77700C3E9CE /* UICheckButton.h */,
				834492E91F98D77700C3E9CE /* UICheckButton.m */,
				834492EE1F98D77700C3E9CE /* UITreeView.h */,
				834492ED1F98D77700C3E9CE /* UITreeView.m */,
			);
			name = UITreeView;
			sourceTree = "<group>";
		};
		834492F11F98D78000C3E9CE /* Images */ = {
			isa = PBXGroup;
			children = (
				834492F61F98D79500C3E9CE /* check_box.png */,
				834492F21F98D79500C3E9CE /* close.png */,
				834492F51F98D79500C3E9CE /* expandableImage@2x.png */,
				834492F31F98D79500C3E9CE /* object.png */,
				834492F71F98D79500C3E9CE /* open.png */,
				834492F41F98D79500C3E9CE /* uncheck_box.png */,
			);
			name = Images;
			sourceTree = "<group>";
		};
		A2FE88BA1E37A1670073FCCA = {
			isa = PBXGroup;
			children = (
				A2FE88C51E37A1670073FCCA /* demo */,
				A2FE88C41E37A1670073FCCA /* Products */,
			);
			sourceTree = "<group>";
		};
		A2FE88C41E37A1670073FCCA /* Products */ = {
			isa = PBXGroup;
			children = (
				A2FE88C31E37A1670073FCCA /* Demo.app */,
			);
			name = Products;
			sourceTree = "<group>";
		};
		A2FE88C51E37A1670073FCCA /* demo */ = {
			isa = PBXGroup;
			children = (
				834492E81F98D74D00C3E9CE /* UITreeView */,
				A2FE88C91E37A1670073FCCA /* AppDelegate.h */,
				A2FE88CA1E37A1670073FCCA /* AppDelegate.m */,
				A2FE88F31E37A28A0073FCCA /* category.plist */,
				A2FE88CC1E37A1670073FCCA /* ViewController.h */,
				A2FE88CD1E37A1670073FCCA /* ViewController.m */,
				A2401ED71E3D061A00C4CEB7 /* NodeData.h */,
				A2401ED81E3D061A00C4CEB7 /* NodeData.m */,
				A2FE88D21E37A1670073FCCA /* Assets.xcassets */,
				A2FE88D41E37A1670073FCCA /* LaunchScreen.storyboard */,
				A2FE88D71E37A1670073FCCA /* Info.plist */,
				A2FE88C61E37A1670073FCCA /* Supporting Files */,
			);
			path = demo;
			sourceTree = "<group>";
		};
		A2FE88C61E37A1670073FCCA /* Supporting Files */ = {
			isa = PBXGroup;
			children = (
				A2FE88C71E37A1670073FCCA /* main.m */,
			);
			name = "Supporting Files";
			sourceTree = "<group>";
		};
/* End PBXGroup section */

/* Begin PBXNativeTarget section */
		A2FE88C21E37A1670073FCCA /* Demo */ = {
			isa = PBXNativeTarget;
			buildConfigurationList = A2FE88DA1E37A1670073FCCA /* Build configuration list for PBXNativeTarget "Demo" */;
			buildPhases = (
				A2FE88BF1E37A1670073FCCA /* Sources */,
				A2FE88C01E37A1670073FCCA /* Frameworks */,
				A2FE88C11E37A1670073FCCA /* Resources */,
			);
			buildRules = (
			);
			dependencies = (
			);
			name = Demo;
			productName = demo;
			productReference = A2FE88C31E37A1670073FCCA /* Demo.app */;
			productType = "com.apple.product-type.application";
		};
/* End PBXNativeTarget section */

/* Begin PBXProject section */
		A2FE88BB1E37A1670073FCCA /* Project object */ = {
			isa = PBXProject;
			attributes = {
				LastUpgradeCheck = 0820;
				ORGANIZATIONNAME = "Ralph Shane";
				TargetAttributes = {
					A2FE88C21E37A1670073FCCA = {
						CreatedOnToolsVersion = 8.2.1;
						DevelopmentTeam = R2AR84FYFZ;
						ProvisioningStyle = Automatic;
					};
				};
			};
			buildConfigurationList = A2FE88BE1E37A1670073FCCA /* Build configuration list for PBXProject "Demo" */;
			compatibilityVersion = "Xcode 3.2";
			developmentRegion = English;
			hasScannedForEncodings = 0;
			knownRegions = (
				en,
				Base,
			);
			mainGroup = A2FE88BA1E37A1670073FCCA;
			productRefGroup = A2FE88C41E37A1670073FCCA /* Products */;
			projectDirPath = "";
			projectRoot = "";
			targets = (
				A2FE88C21E37A1670073FCCA /* Demo */,
			);
		};
/* End PBXProject section */

/* Begin PBXResourcesBuildPhase section */
		A2FE88C11E37A1670073FCCA /* Resources */ = {
			isa = PBXResourcesBuildPhase;
			buildActionMask = 2147483647;
			files = (
				A2FE88D61E37A1670073FCCA /* LaunchScreen.storyboard in Resources */,
				A2FE88D31E37A1670073FCCA /* Assets.xcassets in Resources */,
				A2FE88F41E37A28A0073FCCA /* category.plist in Resources */,
			);
			runOnlyForDeploymentPostprocessing = 0;
		};
/* End PBXResourcesBuildPhase section */

/* Begin PBXSourcesBuildPhase section */
		A2FE88BF1E37A1670073FCCA /* Sources */ = {
			isa = PBXSourcesBuildPhase;
			buildActionMask = 2147483647;
			files = (
				A2401ED91E3D061A00C4CEB7 /* NodeData.m in Sources */,
				A2FE88CE1E37A1670073FCCA /* ViewController.m in Sources */,
				A2FE88CB1E37A1670073FCCA /* AppDelegate.m in Sources */,
				A2FE88C81E37A1670073FCCA /* main.m in Sources */,
			);
			runOnlyForDeploymentPostprocessing = 0;
		};
/* End PBXSourcesBuildPhase section */

/* Begin PBXVariantGroup section */
		A2FE88D41E37A1670073FCCA /* LaunchScreen.storyboard */ = {
			isa = PBXVariantGroup;
			children = (
				A2FE88D51E37A1670073FCCA /* Base */,
			);
			name = LaunchScreen.storyboard;
			sourceTree = "<group>";
		};
/* End PBXVariantGroup section */

/* Begin XCBuildConfiguration section */
		A2FE88D81E37A1670073FCCA /* Debug */ = {
			isa = XCBuildConfiguration;
			buildSettings = {
				ALWAYS_SEARCH_USER_PATHS = NO;
				CLANG_ANALYZER_NONNULL = YES;
				CLANG_CXX_LANGUAGE_STANDARD = "gnu++0x";
				CLANG_CXX_LIBRARY = "libc++";
				CLANG_ENABLE_MODULES = YES;
				CLANG_ENABLE_OBJC_ARC = YES;
				CLANG_WARN_BOOL_CONVERSION = YES;
				CLANG_WARN_CONSTANT_CONVERSION = YES;
				CLANG_WARN_DIRECT_OBJC_ISA_USAGE = YES_ERROR;
				CLANG_WARN_DOCUMENTATION_COMMENTS = YES;
				CLANG_WARN_EMPTY_BODY = YES;
				CLANG_WARN_ENUM_CONVERSION = YES;
				CLANG_WARN_INFINITE_RECURSION = YES;
				CLANG_WARN_INT_CONVERSION = YES;
				CLANG_WARN_OBJC_ROOT_CLASS = YES_ERROR;
				CLANG_WARN_SUSPICIOUS_MOVE = YES;
				CLANG_WARN_UNREACHABLE_CODE = YES;
				CLANG_WARN__DUPLICATE_METHOD_MATCH = YES;
				"CODE_SIGN_IDENTITY[sdk=iphoneos*]" = "iPhone Developer";
				COPY_PHASE_STRIP = NO;
				DEBUG_INFORMATION_FORMAT = dwarf;
				ENABLE_STRICT_OBJC_MSGSEND = YES;
				ENABLE_TESTABILITY = YES;
				GCC_C_LANGUAGE_STANDARD = gnu99;
				GCC_DYNAMIC_NO_PIC = NO;
				GCC_NO_COMMON_BLOCKS = YES;
				GCC_OPTIMIZATION_LEVEL = 0;
				GCC_PREPROCESSOR_DEFINITIONS = (
					"DEBUG=1",
					"$(inherited)",
				);
				GCC_WARN_64_TO_32_BIT_CONVERSION = YES;
				GCC_WARN_ABOUT_RETURN_TYPE = YES_ERROR;
				GCC_WARN_UNDECLARED_SELECTOR = YES;
				GCC_WARN_UNINITIALIZED_AUTOS = YES_AGGRESSIVE;
				GCC_WARN_UNUSED_FUNCTION = YES;
				GCC_WARN_UNUSED_VARIABLE = YES;
				IPHONEOS_DEPLOYMENT_TARGET = 8.0;
				MTL_ENABLE_DEBUG_INFO = YES;
				ONLY_ACTIVE_ARCH = YES;
				SDKROOT = iphoneos;
				TARGETED_DEVICE_FAMILY = "1,2";
			};
			name = Debug;
		};
		A2FE88D91E37A1670073FCCA /* Release */ = {
			isa = XCBuildConfiguration;
			buildSettings = {
				ALWAYS_SEARCH_USER_PATHS = NO;
				CLANG_ANALYZER_NONNULL = YES;
				CLANG_CXX_LANGUAGE_STANDARD = "gnu++0x";
				CLANG_CXX_LIBRARY = "libc++";
				CLANG_ENABLE_MODULES = YES;
				CLANG_ENABLE_OBJC_ARC = YES;
				CLANG_WARN_BOOL_CONVERSION = YES;
				CLANG_WARN_CONSTANT_CONVERSION = YES;
				CLANG_WARN_DIRECT_OBJC_ISA_USAGE = YES_ERROR;
				CLANG_WARN_DOCUMENTATION_COMMENTS = YES;
				CLANG_WARN_EMPTY_BODY = YES;
				CLANG_WARN_ENUM_CONVERSION = YES;
				CLANG_WARN_INFINITE_RECURSION = YES;
				CLANG_WARN_INT_CONVERSION = YES;
				CLANG_WARN_OBJC_ROOT_CLASS = YES_ERROR;
				CLANG_WARN_SUSPICIOUS_MOVE = YES;
				CLANG_WARN_UNREACHABLE_CODE = YES;
				CLANG_WARN__DUPLICATE_METHOD_MATCH = YES;
				"CODE_SIGN_IDENTITY[sdk=iphoneos*]" = "iPhone Developer";
				COPY_PHASE_STRIP = NO;
				DEBUG_INFORMATION_FORMAT = "dwarf-with-dsym";
				ENABLE_NS_ASSERTIONS = NO;
				ENABLE_STRICT_OBJC_MSGSEND = YES;
				GCC_C_LANGUAGE_STANDARD = gnu99;
				GCC_NO_COMMON_BLOCKS = YES;
				GCC_WARN_64_TO_32_BIT_CONVERSION = YES;
				GCC_WARN_ABOUT_RETURN_TYPE = YES_ERROR;
				GCC_WARN_UNDECLARED_SELECTOR = YES;
				GCC_WARN_UNINITIALIZED_AUTOS = YES_AGGRESSIVE;
				GCC_WARN_UNUSED_FUNCTION = YES;
				GCC_WARN_UNUSED_VARIABLE = YES;
				IPHONEOS_DEPLOYMENT_TARGET = 8.0;
				MTL_ENABLE_DEBUG_INFO = NO;
				SDKROOT = iphoneos;
				TARGETED_DEVICE_FAMILY = "1,2";
				VALIDATE_PRODUCT = YES;
			};
			name = Release;
		};
		A2FE88DB1E37A1670073FCCA /* Debug */ = {
			isa = XCBuildConfiguration;
			buildSettings = {
				ASSETCATALOG_COMPILER_APPICON_NAME = AppIcon;
				DEVELOPMENT_TEAM = R2AR84FYFZ;
				INFOPLIST_FILE = demo/Info.plist;
				LD_RUNPATH_SEARCH_PATHS = "$(inherited) @executable_path/Frameworks";
				PRODUCT_BUNDLE_IDENTIFIER = com.ralphstudio.demo;
				PRODUCT_NAME = "$(TARGET_NAME)";
			};
			name = Debug;
		};
		A2FE88DC1E37A1670073FCCA /* Release */ = {
			isa = XCBuildConfiguration;
			buildSettings = {
				ASSETCATALOG_COMPILER_APPICON_NAME = AppIcon;
				DEVELOPMENT_TEAM = R2AR84FYFZ;
				INFOPLIST_FILE = demo/Info.plist;
				LD_RUNPATH_SEARCH_PATHS = "$(inherited) @executable_path/Frameworks";
				PRODUCT_BUNDLE_IDENTIFIER = com.ralphstudio.demo;
				PRODUCT_NAME = "$(TARGET_NAME)";
			};
			name = Release;
		};
/* End XCBuildConfiguration section */

/* Begin XCConfigurationList section */
		A2FE88BE1E37A1670073FCCA /* Build configuration list for PBXProject "Demo" */ = {
			isa = XCConfigurationList;
			buildConfigurations = (
				A2FE88D81E37A1670073FCCA /* Debug */,
				A2FE88D91E37A1670073FCCA /* Release */,
			);
			defaultConfigurationIsVisible = 0;
			defaultConfigurationName = Release;
		};
		A2FE88DA1E37A1670073FCCA /* Build configuration list for PBXNativeTarget "Demo" */ = {
			isa = XCConfigurationList;
			buildConfigurations = (
				A2FE88DB1E37A1670073FCCA /* Debug */,
				A2FE88DC1E37A1670073FCCA /* Release */,
			);
			defaultConfigurationIsVisible = 0;
			defaultConfigurationName = Release;
		};
/* End XCConfigurationList section */
	};
	rootObject = A2FE88BB1E37A1670073FCCA /* Project object */;
}
